
Microsoft Visual Studio Solution File, Format Version 12.00
# Visual Studio Version 17
VisualStudioVersion = 17.4.33205.214
MinimumVisualStudioVersion = 10.0.40219.1
Project("{FAE04EC0-301F-11D3-BF4B-00C04F79EFBC}") = "test1", "test1\test1.csproj", "{C8409C06-1FD6-4A9A-955D-0BE050A56F80}"
EndProject
Global
	GlobalSection(SolutionConfigurationPlatforms) = preSolution
		Debug|Any CPU = Debug|Any CPU
		Release|Any CPU = Release|Any CPU
	EndGlobalSection
	GlobalSection(ProjectConfigurationPlatforms) = postSolution
		{C8409C06-1FD6-4A9A-955D-0BE050A56F80}.Debug|Any CPU.ActiveCfg = Debug|Any CPU
		{C8409C06-1FD6-4A9A-955D-0BE050A56F80}.Debug|Any CPU.Build.0 = Debug|Any CPU
		{C8409C06-1FD6-4A9A-955D-0BE050A56F80}.Release|Any CPU.ActiveCfg = Release|Any CPU
		{C8409C06-1FD6-4A9A-955D-0BE050A56F80}.Release|Any CPU.Build.0 = Release|Any CPU
	EndGlobalSection
	GlobalSection(SolutionProperties) = preSolution
		HideSolutionNode = FALSE
	EndGlobalSection
	GlobalSection(ExtensibilityGlobals) = postSolution
		SolutionGuid = {299EEE98-5E0B-41AA-83C9-488AC00F08C4}
	EndGlobalSection
EndGlobal
